
Microsoft Visual Studio Solution File, Format Version 12.00
# Visual Studio Version 17
VisualStudioVersion = 17.6.33829.357
MinimumVisualStudioVersion = 10.0.40219.1
Project("{9A19103F-16F7-4668-BE54-9A1E7A4F7556}") = "EfCore1", "EfCore1\EfCore1.csproj", "{E6072703-6DD8-443F-A111-BCC195A33CAF}"
EndProject
Project("{9A19103F-16F7-4668-BE54-9A1E7A4F7556}") = "EfCore2", "EfCore2\EfCore2.csproj", "{05A6B2F1-8FAD-45B8-859C-54FAE465F5E5}"
EndProject
Project("{9A19103F-16F7-4668-BE54-9A1E7A4F7556}") = "EfCore3", "EfCore3\EfCore3.csproj", "{B7F3F8CB-AA97-4A06-8663-BAEE4A147797}"
EndProject
Project("{9A19103F-16F7-4668-BE54-9A1E7A4F7556}") = "EfCore4", "EfCore4\EfCore4.csproj", "{1962D652-1899-4C7B-A9E2-C882B46C32BC}"
EndProject
Project("{9A19103F-16F7-4668-BE54-9A1E7A4F7556}") = "EfCore5", "EfCore5\EfCore5.csproj", "{E47AC256-9198-4AD6-AFFE-C02CECF0DBCB}"
EndProject
Project("{9A19103F-16F7-4668-BE54-9A1E7A4F7556}") = "EfCore6", "EfCore6\EfCore6.csproj", "{1B99D29B-9664-40E4-BFAB-7A12812D68E0}"
EndProject
Project("{9A19103F-16F7-4668-BE54-9A1E7A4F7556}") = "EfCore7", "EfCore7\EfCore7.csproj", "{4C987741-E67C-45D6-82C6-0A4C446618F1}"
EndProject
Project("{9A19103F-16F7-4668-BE54-9A1E7A4F7556}") = "EfCore8", "EfCore8\EfCore8.csproj", "{D74F6E9F-E1AD-4395-831F-413F3D56D8F3}"
EndProject
Project("{9A19103F-16F7-4668-BE54-9A1E7A4F7556}") = "EfCore9", "EfCore9\EfCore9.csproj", "{9C227520-87E1-4278-9A0F-75C66B762DBC}"
EndProject
Project("{9A19103F-16F7-4668-BE54-9A1E7A4F7556}") = "EfCore10", "EfCore10\EfCore10.csproj", "{699BB97D-07B7-4424-8571-6FCF478B64E9}"
EndProject
Project("{FAE04EC0-301F-11D3-BF4B-00C04F79EFBC}") = "EfCore11", "EfCore11\EfCore11.csproj", "{672BF9F8-92B4-45C1-BA88-803C8A4453B0}"
EndProject
Global
	GlobalSection(SolutionConfigurationPlatforms) = preSolution
		Debug|Any CPU = Debug|Any CPU
		Release|Any CPU = Release|Any CPU
	EndGlobalSection
	GlobalSection(ProjectConfigurationPlatforms) = postSolution
		{E6072703-6DD8-443F-A111-BCC195A33CAF}.Debug|Any CPU.ActiveCfg = Debug|Any CPU
		{E6072703-6DD8-443F-A111-BCC195A33CAF}.Debug|Any CPU.Build.0 = Debug|Any CPU
		{E6072703-6DD8-443F-A111-BCC195A33CAF}.Release|Any CPU.ActiveCfg = Release|Any CPU
		{E6072703-6DD8-443F-A111-BCC195A33CAF}.Release|Any CPU.Build.0 = Release|Any CPU
		{05A6B2F1-8FAD-45B8-859C-54FAE465F5E5}.Debug|Any CPU.ActiveCfg = Debug|Any CPU
		{05A6B2F1-8FAD-45B8-859C-54FAE465F5E5}.Debug|Any CPU.Build.0 = Debug|Any CPU
		{05A6B2F1-8FAD-45B8-859C-54FAE465F5E5}.Release|Any CPU.ActiveCfg = Release|Any CPU
		{05A6B2F1-8FAD-45B8-859C-54FAE465F5E5}.Release|Any CPU.Build.0 = Release|Any CPU
		{B7F3F8CB-AA97-4A06-8663-BAEE4A147797}.Debug|Any CPU.ActiveCfg = Debug|Any CPU
		{B7F3F8CB-AA97-4A06-8663-BAEE4A147797}.Debug|Any CPU.Build.0 = Debug|Any CPU
		{B7F3F8CB-AA97-4A06-8663-BAEE4A147797}.Release|Any CPU.ActiveCfg = Release|Any CPU
		{B7F3F8CB-AA97-4A06-8663-BAEE4A147797}.Release|Any CPU.Build.0 = Release|Any CPU
		{1962D652-1899-4C7B-A9E2-C882B46C32BC}.Debug|Any CPU.ActiveCfg = Debug|Any CPU
		{1962D652-1899-4C7B-A9E2-C882B46C32BC}.Debug|Any CPU.Build.0 = Debug|Any CPU
		{1962D652-1899-4C7B-A9E2-C882B46C32BC}.Release|Any CPU.ActiveCfg = Release|Any CPU
		{1962D652-1899-4C7B-A9E2-C882B46C32BC}.Release|Any CPU.Build.0 = Release|Any CPU
		{E47AC256-9198-4AD6-AFFE-C02CECF0DBCB}.Debug|Any CPU.ActiveCfg = Debug|Any CPU
		{E47AC256-9198-4AD6-AFFE-C02CECF0DBCB}.Debug|Any CPU.Build.0 = Debug|Any CPU
		{E47AC256-9198-4AD6-AFFE-C02CECF0DBCB}.Release|Any CPU.ActiveCfg = Release|Any CPU
		{E47AC256-9198-4AD6-AFFE-C02CECF0DBCB}.Release|Any CPU.Build.0 = Release|Any CPU
		{1B99D29B-9664-40E4-BFAB-7A12812D68E0}.Debug|Any CPU.ActiveCfg = Debug|Any CPU
		{1B99D29B-9664-40E4-BFAB-7A12812D68E0}.Debug|Any CPU.Build.0 = Debug|Any CPU
		{1B99D29B-9664-40E4-BFAB-7A12812D68E0}.Release|Any CPU.ActiveCfg = Release|Any CPU
		{1B99D29B-9664-40E4-BFAB-7A12812D68E0}.Release|Any CPU.Build.0 = Release|Any CPU
		{4C987741-E67C-45D6-82C6-0A4C446618F1}.Debug|Any CPU.ActiveCfg = Debug|Any CPU
		{4C987741-E67C-45D6-82C6-0A4C446618F1}.Debug|Any CPU.Build.0 = Debug|Any CPU
		{4C987741-E67C-45D6-82C6-0A4C446618F1}.Release|Any CPU.ActiveCfg = Release|Any CPU
		{4C987741-E67C-45D6-82C6-0A4C446618F1}.Release|Any CPU.Build.0 = Release|Any CPU
		{D74F6E9F-E1AD-4395-831F-413F3D56D8F3}.Debug|Any CPU.ActiveCfg = Debug|Any CPU
		{D74F6E9F-E1AD-4395-831F-413F3D56D8F3}.Debug|Any CPU.Build.0 = Debug|Any CPU
		{D74F6E9F-E1AD-4395-831F-413F3D56D8F3}.Release|Any CPU.ActiveCfg = Release|Any CPU
		{D74F6E9F-E1AD-4395-831F-413F3D56D8F3}.Release|Any CPU.Build.0 = Release|Any CPU
		{9C227520-87E1-4278-9A0F-75C66B762DBC}.Debug|Any CPU.ActiveCfg = Debug|Any CPU
		{9C227520-87E1-4278-9A0F-75C66B762DBC}.Debug|Any CPU.Build.0 = Debug|Any CPU
		{9C227520-87E1-4278-9A0F-75C66B762DBC}.Release|Any CPU.ActiveCfg = Release|Any CPU
		{9C227520-87E1-4278-9A0F-75C66B762DBC}.Release|Any CPU.Build.0 = Release|Any CPU
		{699BB97D-07B7-4424-8571-6FCF478B64E9}.Debug|Any CPU.ActiveCfg = Debug|Any CPU
		{699BB97D-07B7-4424-8571-6FCF478B64E9}.Debug|Any CPU.Build.0 = Debug|Any CPU
		{699BB97D-07B7-4424-8571-6FCF478B64E9}.Release|Any CPU.ActiveCfg = Release|Any CPU
		{699BB97D-07B7-4424-8571-6FCF478B64E9}.Release|Any CPU.Build.0 = Release|Any CPU
		{672BF9F8-92B4-45C1-BA88-803C8A4453B0}.Debug|Any CPU.ActiveCfg = Debug|Any CPU
		{672BF9F8-92B4-45C1-BA88-803C8A4453B0}.Debug|Any CPU.Build.0 = Debug|Any CPU
		{672BF9F8-92B4-45C1-BA88-803C8A4453B0}.Release|Any CPU.ActiveCfg = Release|Any CPU
		{672BF9F8-92B4-45C1-BA88-803C8A4453B0}.Release|Any CPU.Build.0 = Release|Any CPU
	EndGlobalSection
	GlobalSection(SolutionProperties) = preSolution
		HideSolutionNode = FALSE
	EndGlobalSection
	GlobalSection(ExtensibilityGlobals) = postSolution
		SolutionGuid = {D1D6C1A5-E287-4D11-89B8-1EFE73A434D6}
	EndGlobalSection
EndGlobal
